
Microsoft Visual Studio Solution File, Format Version 12.00
# Visual Studio Version 17
VisualStudioVersion = 17.4.33213.308
MinimumVisualStudioVersion = 10.0.40219.1
Project("{9A19103F-16F7-4668-BE54-9A1E7A4F7556}") = "ConsoleRPG", "ConsoleRPG.csproj", "{5075EFD6-1AEF-41D0-8FC0-165B955FA769}"
EndProject
Project("{9A19103F-16F7-4668-BE54-9A1E7A4F7556}") = "UnitTests", "UnitTests\UnitTests.csproj", "{31F846E3-4608-4E5E-8285-55273A819A2E}"
EndProject
Global
	GlobalSection(SolutionConfigurationPlatforms) = preSolution
		Debug|Any CPU = Debug|Any CPU
		Release|Any CPU = Release|Any CPU
	EndGlobalSection
	GlobalSection(ProjectConfigurationPlatforms) = postSolution
		{5075EFD6-1AEF-41D0-8FC0-165B955FA769}.Debug|Any CPU.ActiveCfg = Debug|Any CPU
		{5075EFD6-1AEF-41D0-8FC0-165B955FA769}.Debug|Any CPU.Build.0 = Debug|Any CPU
		{5075EFD6-1AEF-41D0-8FC0-165B955FA769}.Release|Any CPU.ActiveCfg = Release|Any CPU
		{5075EFD6-1AEF-41D0-8FC0-165B955FA769}.Release|Any CPU.Build.0 = Release|Any CPU
		{31F846E3-4608-4E5E-8285-55273A819A2E}.Debug|Any CPU.ActiveCfg = Debug|Any CPU
		{31F846E3-4608-4E5E-8285-55273A819A2E}.Debug|Any CPU.Build.0 = Debug|Any CPU
		{31F846E3-4608-4E5E-8285-55273A819A2E}.Release|Any CPU.ActiveCfg = Release|Any CPU
		{31F846E3-4608-4E5E-8285-55273A819A2E}.Release|Any CPU.Build.0 = Release|Any CPU
	EndGlobalSection
	GlobalSection(SolutionProperties) = preSolution
		HideSolutionNode = FALSE
	EndGlobalSection
	GlobalSection(ExtensibilityGlobals) = postSolution
		SolutionGuid = {DCB2A7F6-D6FE-4FA3-92E8-31A401B8B462}
	EndGlobalSection
EndGlobal
